
Microsoft Visual Studio Solution File, Format Version 12.00
# Visual Studio Version 16
VisualStudioVersion = 16.0.31205.134
MinimumVisualStudioVersion = 10.0.40219.1
Project("{FAE04EC0-301F-11D3-BF4B-00C04F79EFBC}") = "LiftingAppAPI", "LiftingAppAPI\LiftingAppAPI.csproj", "{574EA7B8-223B-4A30-BAA0-042487F3E86C}"
EndProject
Global
	GlobalSection(SolutionConfigurationPlatforms) = preSolution
		Debug|Any CPU = Debug|Any CPU
		Release|Any CPU = Release|Any CPU
	EndGlobalSection
	GlobalSection(ProjectConfigurationPlatforms) = postSolution
		{574EA7B8-223B-4A30-BAA0-042487F3E86C}.Debug|Any CPU.ActiveCfg = Debug|Any CPU
		{574EA7B8-223B-4A30-BAA0-042487F3E86C}.Debug|Any CPU.Build.0 = Debug|Any CPU
		{574EA7B8-223B-4A30-BAA0-042487F3E86C}.Release|Any CPU.ActiveCfg = Release|Any CPU
		{574EA7B8-223B-4A30-BAA0-042487F3E86C}.Release|Any CPU.Build.0 = Release|Any CPU
	EndGlobalSection
	GlobalSection(SolutionProperties) = preSolution
		HideSolutionNode = FALSE
	EndGlobalSection
	GlobalSection(ExtensibilityGlobals) = postSolution
		SolutionGuid = {16DF17A6-7CBF-4A47-AE8D-BEFFC8CD7B05}
	EndGlobalSection
EndGlobal
